
Microsoft Visual Studio Solution File, Format Version 12.00
# Visual Studio Version 17
VisualStudioVersion = 17.11.35312.102
MinimumVisualStudioVersion = 10.0.40219.1
Project("{8BC9CEB8-8B4A-11D0-8D11-00A0C91BC942}") = "Lab B 4.3", "Lab B 4.3\Lab B 4.3.vcxproj", "{8E328EA4-EF24-49AB-A646-B498BC470C22}"
EndProject
Global
	GlobalSection(SolutionConfigurationPlatforms) = preSolution
		Debug|x64 = Debug|x64
		Debug|x86 = Debug|x86
		Release|x64 = Release|x64
		Release|x86 = Release|x86
	EndGlobalSection
	GlobalSection(ProjectConfigurationPlatforms) = postSolution
		{8E328EA4-EF24-49AB-A646-B498BC470C22}.Debug|x64.ActiveCfg = Debug|x64
		{8E328EA4-EF24-49AB-A646-B498BC470C22}.Debug|x64.Build.0 = Debug|x64
		{8E328EA4-EF24-49AB-A646-B498BC470C22}.Debug|x86.ActiveCfg = Debug|Win32
		{8E328EA4-EF24-49AB-A646-B498BC470C22}.Debug|x86.Build.0 = Debug|Win32
		{8E328EA4-EF24-49AB-A646-B498BC470C22}.Release|x64.ActiveCfg = Release|x64
		{8E328EA4-EF24-49AB-A646-B498BC470C22}.Release|x64.Build.0 = Release|x64
		{8E328EA4-EF24-49AB-A646-B498BC470C22}.Release|x86.ActiveCfg = Release|Win32
		{8E328EA4-EF24-49AB-A646-B498BC470C22}.Release|x86.Build.0 = Release|Win32
	EndGlobalSection
	GlobalSection(SolutionProperties) = preSolution
		HideSolutionNode = FALSE
	EndGlobalSection
	GlobalSection(ExtensibilityGlobals) = postSolution
		SolutionGuid = {0EAD2EDF-AA46-4607-93E4-1AAB20AC2894}
	EndGlobalSection
EndGlobal
